// !$*UTF8*$!
{
	archiveVersion = 1;
	classes = {
	};
	objectVersion = 56;
	objects = {

/* Begin PBXBuildFile section */
		C1324E402B4E833100A07EC9 /* TestTCAApp.swift in Sources */ = {isa = PBXBuildFile; fileRef = C1324E3F2B4E833100A07EC9 /* TestTCAApp.swift */; };
		C1324E422B4E833100A07EC9 /* CounterView.swift in Sources */ = {isa = PBXBuildFile; fileRef = C1324E412B4E833100A07EC9 /* CounterView.swift */; };
		C1324E442B4E833200A07EC9 /* Assets.xcassets in Resources */ = {isa = PBXBuildFile; fileRef = C1324E432B4E833200A07EC9 /* Assets.xcassets */; };
		C1324E472B4E833200A07EC9 /* Preview Assets.xcassets in Resources */ = {isa = PBXBuildFile; fileRef = C1324E462B4E833200A07EC9 /* Preview Assets.xcassets */; };
		C1324E4F2B4E8B1100A07EC9 /* ComposableArchitecture in Frameworks */ = {isa = PBXBuildFile; productRef = C1324E4E2B4E8B1100A07EC9 /* ComposableArchitecture */; };
		C1324E5C2B4E9EC800A07EC9 /* CounterFeatureTests.swift in Sources */ = {isa = PBXBuildFile; fileRef = C1324E5B2B4E9EC800A07EC9 /* CounterFeatureTests.swift */; };
		C190C60D2B4EAF2600E19E4C /* NumberFactClient.swift in Sources */ = {isa = PBXBuildFile; fileRef = C190C60C2B4EAF2500E19E4C /* NumberFactClient.swift */; };
		C190C60F2B4EB8AB00E19E4C /* AppFeature.swift in Sources */ = {isa = PBXBuildFile; fileRef = C190C60E2B4EB8AB00E19E4C /* AppFeature.swift */; };
		C190C6112B4EB94000E19E4C /* AppFeatureTests.swift in Sources */ = {isa = PBXBuildFile; fileRef = C190C6102B4EB94000E19E4C /* AppFeatureTests.swift */; };
		C190C6132B4EBB6D00E19E4C /* AppView.swift in Sources */ = {isa = PBXBuildFile; fileRef = C190C6122B4EBB6D00E19E4C /* AppView.swift */; };
		C190C6192B4EC97600E19E4C /* ContactsFeature.swift in Sources */ = {isa = PBXBuildFile; fileRef = C190C6182B4EC97600E19E4C /* ContactsFeature.swift */; };
		C190C61B2B4ECA7100E19E4C /* ContactsView.swift in Sources */ = {isa = PBXBuildFile; fileRef = C190C61A2B4ECA7100E19E4C /* ContactsView.swift */; };
		C190C61D2B4ED38B00E19E4C /* AddContactFeature.swift in Sources */ = {isa = PBXBuildFile; fileRef = C190C61C2B4ED38B00E19E4C /* AddContactFeature.swift */; };
		C190C61F2B4ED44700E19E4C /* AddContactView.swift in Sources */ = {isa = PBXBuildFile; fileRef = C190C61E2B4ED44700E19E4C /* AddContactView.swift */; };
		C190C6212B4EDBDB00E19E4C /* Contact.swift in Sources */ = {isa = PBXBuildFile; fileRef = C190C6202B4EDBDB00E19E4C /* Contact.swift */; };
		C190C6252B4FCB6E00E19E4C /* Destination.swift in Sources */ = {isa = PBXBuildFile; fileRef = C190C6242B4FCB6E00E19E4C /* Destination.swift */; };
		C1FF061C2B4FD177007F75FF /* ContactsFeatureTests.swift in Sources */ = {isa = PBXBuildFile; fileRef = C1FF061B2B4FD177007F75FF /* ContactsFeatureTests.swift */; };
/* End PBXBuildFile section */

/* Begin PBXContainerItemProxy section */
		C1324E5D2B4E9EC800A07EC9 /* PBXContainerItemProxy */ = {
			isa = PBXContainerItemProxy;
			containerPortal = C1324E342B4E833100A07EC9 /* Project object */;
			proxyType = 1;
			remoteGlobalIDString = C1324E3B2B4E833100A07EC9;
			remoteInfo = TestTCA;
		};
/* End PBXContainerItemProxy section */

/* Begin PBXFileReference section */
		C1324E3C2B4E833100A07EC9 /* TestTCA.app */ = {isa = PBXFileReference; explicitFileType = wrapper.application; includeInIndex = 0; path = TestTCA.app; sourceTree = BUILT_PRODUCTS_DIR; };
		C1324E3F2B4E833100A07EC9 /* TestTCAApp.swift */ = {isa = PBXFileReference; lastKnownFileType = sourcecode.swift; path = TestTCAApp.swift; sourceTree = "<group>"; };
		C1324E412B4E833100A07EC9 /* CounterView.swift */ = {isa = PBXFileReference; lastKnownFileType = sourcecode.swift; path = CounterView.swift; sourceTree = "<group>"; };
		C1324E432B4E833200A07EC9 /* Assets.xcassets */ = {isa = PBXFileReference; lastKnownFileType = folder.assetcatalog; path = Assets.xcassets; sourceTree = "<group>"; };
		C1324E462B4E833200A07EC9 /* Preview Assets.xcassets */ = {isa = PBXFileReference; lastKnownFileType = folder.assetcatalog; path = "Preview Assets.xcassets"; sourceTree = "<group>"; };
		C1324E502B4E980D00A07EC9 /* Info.plist */ = {isa = PBXFileReference; lastKnownFileType = text.plist; path = Info.plist; sourceTree = "<group>"; };
		C1324E592B4E9EC800A07EC9 /* TestTCATests.xctest */ = {isa = PBXFileReference; explicitFileType = wrapper.cfbundle; includeInIndex = 0; path = TestTCATests.xctest; sourceTree = BUILT_PRODUCTS_DIR; };
		C1324E5B2B4E9EC800A07EC9 /* CounterFeatureTests.swift */ = {isa = PBXFileReference; lastKnownFileType = sourcecode.swift; path = CounterFeatureTests.swift; sourceTree = "<group>"; };
		C190C60C2B4EAF2500E19E4C /* NumberFactClient.swift */ = {isa = PBXFileReference; lastKnownFileType = sourcecode.swift; path = NumberFactClient.swift; sourceTree = "<group>"; };
		C190C60E2B4EB8AB00E19E4C /* AppFeature.swift */ = {isa = PBXFileReference; lastKnownFileType = sourcecode.swift; path = AppFeature.swift; sourceTree = "<group>"; };
		C190C6102B4EB94000E19E4C /* AppFeatureTests.swift */ = {isa = PBXFileReference; lastKnownFileType = sourcecode.swift; path = AppFeatureTests.swift; sourceTree = "<group>"; };
		C190C6122B4EBB6D00E19E4C /* AppView.swift */ = {isa = PBXFileReference; lastKnownFileType = sourcecode.swift; path = AppView.swift; sourceTree = "<group>"; };
		C190C6182B4EC97600E19E4C /* ContactsFeature.swift */ = {isa = PBXFileReference; lastKnownFileType = sourcecode.swift; path = ContactsFeature.swift; sourceTree = "<group>"; };
		C190C61A2B4ECA7100E19E4C /* ContactsView.swift */ = {isa = PBXFileReference; lastKnownFileType = sourcecode.swift; path = ContactsView.swift; sourceTree = "<group>"; };
		C190C61C2B4ED38B00E19E4C /* AddContactFeature.swift */ = {isa = PBXFileReference; lastKnownFileType = sourcecode.swift; path = AddContactFeature.swift; sourceTree = "<group>"; };
		C190C61E2B4ED44700E19E4C /* AddContactView.swift */ = {isa = PBXFileReference; lastKnownFileType = sourcecode.swift; path = AddContactView.swift; sourceTree = "<group>"; };
		C190C6202B4EDBDB00E19E4C /* Contact.swift */ = {isa = PBXFileReference; lastKnownFileType = sourcecode.swift; path = Contact.swift; sourceTree = "<group>"; };
		C190C6242B4FCB6E00E19E4C /* Destination.swift */ = {isa = PBXFileReference; lastKnownFileType = sourcecode.swift; path = Destination.swift; sourceTree = "<group>"; };
		C1FF061B2B4FD177007F75FF /* ContactsFeatureTests.swift */ = {isa = PBXFileReference; lastKnownFileType = sourcecode.swift; path = ContactsFeatureTests.swift; sourceTree = "<group>"; };
/* End PBXFileReference section */

/* Begin PBXFrameworksBuildPhase section */
		C1324E392B4E833100A07EC9 /* Frameworks */ = {
			isa = PBXFrameworksBuildPhase;
			buildActionMask = 2147483647;
			files = (
				C1324E4F2B4E8B1100A07EC9 /* ComposableArchitecture in Frameworks */,
			);
			runOnlyForDeploymentPostprocessing = 0;
		};
		C1324E562B4E9EC800A07EC9 /* Frameworks */ = {
			isa = PBXFrameworksBuildPhase;
			buildActionMask = 2147483647;
			files = (
			);
			runOnlyForDeploymentPostprocessing = 0;
		};
/* End PBXFrameworksBuildPhase section */

/* Begin PBXGroup section */
		C1324E332B4E833100A07EC9 = {
			isa = PBXGroup;
			children = (
				C1324E3E2B4E833100A07EC9 /* TestTCA */,
				C1324E5A2B4E9EC800A07EC9 /* TestTCATests */,
				C1324E3D2B4E833100A07EC9 /* Products */,
			);
			sourceTree = "<group>";
		};
		C1324E3D2B4E833100A07EC9 /* Products */ = {
			isa = PBXGroup;
			children = (
				C1324E3C2B4E833100A07EC9 /* TestTCA.app */,
				C1324E592B4E9EC800A07EC9 /* TestTCATests.xctest */,
			);
			name = Products;
			sourceTree = "<group>";
		};
		C1324E3E2B4E833100A07EC9 /* TestTCA */ = {
			isa = PBXGroup;
			children = (
				C1324E502B4E980D00A07EC9 /* Info.plist */,
				C1324E3F2B4E833100A07EC9 /* TestTCAApp.swift */,
				C190C6142B4EC6AA00E19E4C /* Essentials */,
				C190C6152B4EC6CD00E19E4C /* Navigation */,
				C1324E432B4E833200A07EC9 /* Assets.xcassets */,
				C1324E452B4E833200A07EC9 /* Preview Content */,
			);
			path = TestTCA;
			sourceTree = "<group>";
		};
		C1324E452B4E833200A07EC9 /* Preview Content */ = {
			isa = PBXGroup;
			children = (
				C1324E462B4E833200A07EC9 /* Preview Assets.xcassets */,
			);
			path = "Preview Content";
			sourceTree = "<group>";
		};
		C1324E5A2B4E9EC800A07EC9 /* TestTCATests */ = {
			isa = PBXGroup;
			children = (
				C190C6162B4EC6D800E19E4C /* EssentialsTests */,
				C190C6172B4EC6E800E19E4C /* NavigationTests */,
			);
			path = TestTCATests;
			sourceTree = "<group>";
		};
		C190C6142B4EC6AA00E19E4C /* Essentials */ = {
			isa = PBXGroup;
			children = (
				C190C6122B4EBB6D00E19E4C /* AppView.swift */,
				C190C60E2B4EB8AB00E19E4C /* AppFeature.swift */,
				C1324E412B4E833100A07EC9 /* CounterView.swift */,
				C190C60C2B4EAF2500E19E4C /* NumberFactClient.swift */,
			);
			name = Essentials;
			sourceTree = "<group>";
		};
		C190C6152B4EC6CD00E19E4C /* Navigation */ = {
			isa = PBXGroup;
			children = (
				C190C6202B4EDBDB00E19E4C /* Contact.swift */,
				C190C6242B4FCB6E00E19E4C /* Destination.swift */,
				C190C6222B4EDBF400E19E4C /* Parent */,
				C190C6232B4EDC0500E19E4C /* Children */,
			);
			path = Navigation;
			sourceTree = "<group>";
		};
		C190C6162B4EC6D800E19E4C /* EssentialsTests */ = {
			isa = PBXGroup;
			children = (
				C1324E5B2B4E9EC800A07EC9 /* CounterFeatureTests.swift */,
				C190C6102B4EB94000E19E4C /* AppFeatureTests.swift */,
			);
			path = EssentialsTests;
			sourceTree = "<group>";
		};
		C190C6172B4EC6E800E19E4C /* NavigationTests */ = {
			isa = PBXGroup;
			children = (
				C1FF061B2B4FD177007F75FF /* ContactsFeatureTests.swift */,
			);
			path = NavigationTests;
			sourceTree = "<group>";
		};
		C190C6222B4EDBF400E19E4C /* Parent */ = {
			isa = PBXGroup;
			children = (
				C190C6182B4EC97600E19E4C /* ContactsFeature.swift */,
				C190C61A2B4ECA7100E19E4C /* ContactsView.swift */,
			);
			name = Parent;
			sourceTree = "<group>";
		};
		C190C6232B4EDC0500E19E4C /* Children */ = {
			isa = PBXGroup;
			children = (
				C190C61C2B4ED38B00E19E4C /* AddContactFeature.swift */,
				C190C61E2B4ED44700E19E4C /* AddContactView.swift */,
			);
			name = Children;
			sourceTree = "<group>";
		};
/* End PBXGroup section */

/* Begin PBXNativeTarget section */
		C1324E3B2B4E833100A07EC9 /* TestTCA */ = {
			isa = PBXNativeTarget;
			buildConfigurationList = C1324E4A2B4E833200A07EC9 /* Build configuration list for PBXNativeTarget "TestTCA" */;
			buildPhases = (
				C1324E382B4E833100A07EC9 /* Sources */,
				C1324E392B4E833100A07EC9 /* Frameworks */,
				C1324E3A2B4E833100A07EC9 /* Resources */,
			);
			buildRules = (
			);
			dependencies = (
			);
			name = TestTCA;
			packageProductDependencies = (
				C1324E4E2B4E8B1100A07EC9 /* ComposableArchitecture */,
			);
			productName = TestTCA;
			productReference = C1324E3C2B4E833100A07EC9 /* TestTCA.app */;
			productType = "com.apple.product-type.application";
		};
		C1324E582B4E9EC800A07EC9 /* TestTCATests */ = {
			isa = PBXNativeTarget;
			buildConfigurationList = C1324E612B4E9EC800A07EC9 /* Build configuration list for PBXNativeTarget "TestTCATests" */;
			buildPhases = (
				C1324E552B4E9EC800A07EC9 /* Sources */,
				C1324E562B4E9EC800A07EC9 /* Frameworks */,
				C1324E572B4E9EC800A07EC9 /* Resources */,
			);
			buildRules = (
			);
			dependencies = (
				C1324E5E2B4E9EC800A07EC9 /* PBXTargetDependency */,
			);
			name = TestTCATests;
			productName = TestTCATests;
			productReference = C1324E592B4E9EC800A07EC9 /* TestTCATests.xctest */;
			productType = "com.apple.product-type.bundle.unit-test";
		};
/* End PBXNativeTarget section */

/* Begin PBXProject section */
		C1324E342B4E833100A07EC9 /* Project object */ = {
			isa = PBXProject;
			attributes = {
				BuildIndependentTargetsInParallel = 1;
				LastSwiftUpdateCheck = 1510;
				LastUpgradeCheck = 1510;
				TargetAttributes = {
					C1324E3B2B4E833100A07EC9 = {
						CreatedOnToolsVersion = 15.1;
					};
					C1324E582B4E9EC800A07EC9 = {
						CreatedOnToolsVersion = 15.1;
						TestTargetID = C1324E3B2B4E833100A07EC9;
					};
				};
			};
			buildConfigurationList = C1324E372B4E833100A07EC9 /* Build configuration list for PBXProject "TestTCA" */;
			compatibilityVersion = "Xcode 14.0";
			developmentRegion = en;
			hasScannedForEncodings = 0;
			knownRegions = (
				en,
				Base,
			);
			mainGroup = C1324E332B4E833100A07EC9;
			packageReferences = (
				C1324E4D2B4E8B1100A07EC9 /* XCRemoteSwiftPackageReference "swift-composable-architecture" */,
			);
			productRefGroup = C1324E3D2B4E833100A07EC9 /* Products */;
			projectDirPath = "";
			projectRoot = "";
			targets = (
				C1324E3B2B4E833100A07EC9 /* TestTCA */,
				C1324E582B4E9EC800A07EC9 /* TestTCATests */,
			);
		};
/* End PBXProject section */

/* Begin PBXResourcesBuildPhase section */
		C1324E3A2B4E833100A07EC9 /* Resources */ = {
			isa = PBXResourcesBuildPhase;
			buildActionMask = 2147483647;
			files = (
				C1324E472B4E833200A07EC9 /* Preview Assets.xcassets in Resources */,
				C1324E442B4E833200A07EC9 /* Assets.xcassets in Resources */,
			);
			runOnlyForDeploymentPostprocessing = 0;
		};
		C1324E572B4E9EC800A07EC9 /* Resources */ = {
			isa = PBXResourcesBuildPhase;
			buildActionMask = 2147483647;
			files = (
			);
			runOnlyForDeploymentPostprocessing = 0;
		};
/* End PBXResourcesBuildPhase section */

/* Begin PBXSourcesBuildPhase section */
		C1324E382B4E833100A07EC9 /* Sources */ = {
			isa = PBXSourcesBuildPhase;
			buildActionMask = 2147483647;
			files = (
				C190C60F2B4EB8AB00E19E4C /* AppFeature.swift in Sources */,
				C190C60D2B4EAF2600E19E4C /* NumberFactClient.swift in Sources */,
				C190C6212B4EDBDB00E19E4C /* Contact.swift in Sources */,
				C1324E422B4E833100A07EC9 /* CounterView.swift in Sources */,
				C190C61D2B4ED38B00E19E4C /* AddContactFeature.swift in Sources */,
				C190C6132B4EBB6D00E19E4C /* AppView.swift in Sources */,
				C1324E402B4E833100A07EC9 /* TestTCAApp.swift in Sources */,
				C190C61F2B4ED44700E19E4C /* AddContactView.swift in Sources */,
				C190C6192B4EC97600E19E4C /* ContactsFeature.swift in Sources */,
				C190C61B2B4ECA7100E19E4C /* ContactsView.swift in Sources */,
				C190C6252B4FCB6E00E19E4C /* Destination.swift in Sources */,
			);
			runOnlyForDeploymentPostprocessing = 0;
		};
		C1324E552B4E9EC800A07EC9 /* Sources */ = {
			isa = PBXSourcesBuildPhase;
			buildActionMask = 2147483647;
			files = (
				C190C6112B4EB94000E19E4C /* AppFeatureTests.swift in Sources */,
				C1FF061C2B4FD177007F75FF /* ContactsFeatureTests.swift in Sources */,
				C1324E5C2B4E9EC800A07EC9 /* CounterFeatureTests.swift in Sources */,
			);
			runOnlyForDeploymentPostprocessing = 0;
		};
/* End PBXSourcesBuildPhase section */

/* Begin PBXTargetDependency section */
		C1324E5E2B4E9EC800A07EC9 /* PBXTargetDependency */ = {
			isa = PBXTargetDependency;
			target = C1324E3B2B4E833100A07EC9 /* TestTCA */;
			targetProxy = C1324E5D2B4E9EC800A07EC9 /* PBXContainerItemProxy */;
		};
/* End PBXTargetDependency section */

/* Begin XCBuildConfiguration section */
		C1324E482B4E833200A07EC9 /* Debug */ = {
			isa = XCBuildConfiguration;
			buildSettings = {
				ALWAYS_SEARCH_USER_PATHS = NO;
				ASSETCATALOG_COMPILER_GENERATE_SWIFT_ASSET_SYMBOL_EXTENSIONS = YES;
				CLANG_ANALYZER_NONNULL = YES;
				CLANG_ANALYZER_NUMBER_OBJECT_CONVERSION = YES_AGGRESSIVE;
				CLANG_CXX_LANGUAGE_STANDARD = "gnu++20";
				CLANG_ENABLE_MODULES = YES;
				CLANG_ENABLE_OBJC_ARC = YES;
				CLANG_ENABLE_OBJC_WEAK = YES;
				CLANG_WARN_BLOCK_CAPTURE_AUTORELEASING = YES;
				CLANG_WARN_BOOL_CONVERSION = YES;
				CLANG_WARN_COMMA = YES;
				CLANG_WARN_CONSTANT_CONVERSION = YES;
				CLANG_WARN_DEPRECATED_OBJC_IMPLEMENTATIONS = YES;
				CLANG_WARN_DIRECT_OBJC_ISA_USAGE = YES_ERROR;
				CLANG_WARN_DOCUMENTATION_COMMENTS = YES;
				CLANG_WARN_EMPTY_BODY = YES;
				CLANG_WARN_ENUM_CONVERSION = YES;
				CLANG_WARN_INFINITE_RECURSION = YES;
				CLANG_WARN_INT_CONVERSION = YES;
				CLANG_WARN_NON_LITERAL_NULL_CONVERSION = YES;
				CLANG_WARN_OBJC_IMPLICIT_RETAIN_SELF = YES;
				CLANG_WARN_OBJC_LITERAL_CONVERSION = YES;
				CLANG_WARN_OBJC_ROOT_CLASS = YES_ERROR;
				CLANG_WARN_QUOTED_INCLUDE_IN_FRAMEWORK_HEADER = YES;
				CLANG_WARN_RANGE_LOOP_ANALYSIS = YES;
				CLANG_WARN_STRICT_PROTOTYPES = YES;
				CLANG_WARN_SUSPICIOUS_MOVE = YES;
				CLANG_WARN_UNGUARDED_AVAILABILITY = YES_AGGRESSIVE;
				CLANG_WARN_UNREACHABLE_CODE = YES;
				CLANG_WARN__DUPLICATE_METHOD_MATCH = YES;
				COPY_PHASE_STRIP = NO;
				DEBUG_INFORMATION_FORMAT = dwarf;
				ENABLE_STRICT_OBJC_MSGSEND = YES;
				ENABLE_TESTABILITY = YES;
				ENABLE_USER_SCRIPT_SANDBOXING = YES;
				GCC_C_LANGUAGE_STANDARD = gnu17;
				GCC_DYNAMIC_NO_PIC = NO;
				GCC_NO_COMMON_BLOCKS = YES;
				GCC_OPTIMIZATION_LEVEL = 0;
				GCC_PREPROCESSOR_DEFINITIONS = (
					"DEBUG=1",
					"$(inherited)",
				);
				GCC_WARN_64_TO_32_BIT_CONVERSION = YES;
				GCC_WARN_ABOUT_RETURN_TYPE = YES_ERROR;
				GCC_WARN_UNDECLARED_SELECTOR = YES;
				GCC_WARN_UNINITIALIZED_AUTOS = YES_AGGRESSIVE;
				GCC_WARN_UNUSED_FUNCTION = YES;
				GCC_WARN_UNUSED_VARIABLE = YES;
				IPHONEOS_DEPLOYMENT_TARGET = 17.2;
				LOCALIZATION_PREFERS_STRING_CATALOGS = YES;
				MTL_ENABLE_DEBUG_INFO = INCLUDE_SOURCE;
				MTL_FAST_MATH = YES;
				ONLY_ACTIVE_ARCH = YES;
				SDKROOT = iphoneos;
				SWIFT_ACTIVE_COMPILATION_CONDITIONS = "DEBUG $(inherited)";
				SWIFT_OPTIMIZATION_LEVEL = "-Onone";
			};
			name = Debug;
		};
		C1324E492B4E833200A07EC9 /* Release */ = {
			isa = XCBuildConfiguration;
			buildSettings = {
				ALWAYS_SEARCH_USER_PATHS = NO;
				ASSETCATALOG_COMPILER_GENERATE_SWIFT_ASSET_SYMBOL_EXTENSIONS = YES;
				CLANG_ANALYZER_NONNULL = YES;
				CLANG_ANALYZER_NUMBER_OBJECT_CONVERSION = YES_AGGRESSIVE;
				CLANG_CXX_LANGUAGE_STANDARD = "gnu++20";
				CLANG_ENABLE_MODULES = YES;
				CLANG_ENABLE_OBJC_ARC = YES;
				CLANG_ENABLE_OBJC_WEAK = YES;
				CLANG_WARN_BLOCK_CAPTURE_AUTORELEASING = YES;
				CLANG_WARN_BOOL_CONVERSION = YES;
				CLANG_WARN_COMMA = YES;
				CLANG_WARN_CONSTANT_CONVERSION = YES;
				CLANG_WARN_DEPRECATED_OBJC_IMPLEMENTATIONS = YES;
				CLANG_WARN_DIRECT_OBJC_ISA_USAGE = YES_ERROR;
				CLANG_WARN_DOCUMENTATION_COMMENTS = YES;
				CLANG_WARN_EMPTY_BODY = YES;
				CLANG_WARN_ENUM_CONVERSION = YES;
				CLANG_WARN_INFINITE_RECURSION = YES;
				CLANG_WARN_INT_CONVERSION = YES;
				CLANG_WARN_NON_LITERAL_NULL_CONVERSION = YES;
				CLANG_WARN_OBJC_IMPLICIT_RETAIN_SELF = YES;
				CLANG_WARN_OBJC_LITERAL_CONVERSION = YES;
				CLANG_WARN_OBJC_ROOT_CLASS = YES_ERROR;
				CLANG_WARN_QUOTED_INCLUDE_IN_FRAMEWORK_HEADER = YES;
				CLANG_WARN_RANGE_LOOP_ANALYSIS = YES;
				CLANG_WARN_STRICT_PROTOTYPES = YES;
				CLANG_WARN_SUSPICIOUS_MOVE = YES;
				CLANG_WARN_UNGUARDED_AVAILABILITY = YES_AGGRESSIVE;
				CLANG_WARN_UNREACHABLE_CODE = YES;
				CLANG_WARN__DUPLICATE_METHOD_MATCH = YES;
				COPY_PHASE_STRIP = NO;
				DEBUG_INFORMATION_FORMAT = "dwarf-with-dsym";
				ENABLE_NS_ASSERTIONS = NO;
				ENABLE_STRICT_OBJC_MSGSEND = YES;
				ENABLE_USER_SCRIPT_SANDBOXING = YES;
				GCC_C_LANGUAGE_STANDARD = gnu17;
				GCC_NO_COMMON_BLOCKS = YES;
				GCC_WARN_64_TO_32_BIT_CONVERSION = YES;
				GCC_WARN_ABOUT_RETURN_TYPE = YES_ERROR;
				GCC_WARN_UNDECLARED_SELECTOR = YES;
				GCC_WARN_UNINITIALIZED_AUTOS = YES_AGGRESSIVE;
				GCC_WARN_UNUSED_FUNCTION = YES;
				GCC_WARN_UNUSED_VARIABLE = YES;
				IPHONEOS_DEPLOYMENT_TARGET = 17.2;
				LOCALIZATION_PREFERS_STRING_CATALOGS = YES;
				MTL_ENABLE_DEBUG_INFO = NO;
				MTL_FAST_MATH = YES;
				SDKROOT = iphoneos;
				SWIFT_COMPILATION_MODE = wholemodule;
				VALIDATE_PRODUCT = YES;
			};
			name = Release;
		};
		C1324E4B2B4E833200A07EC9 /* Debug */ = {
			isa = XCBuildConfiguration;
			buildSettings = {
				ASSETCATALOG_COMPILER_APPICON_NAME = AppIcon;
				ASSETCATALOG_COMPILER_GLOBAL_ACCENT_COLOR_NAME = AccentColor;
				CODE_SIGN_STYLE = Automatic;
				CURRENT_PROJECT_VERSION = 1;
				DEVELOPMENT_ASSET_PATHS = "\"TestTCA/Preview Content\"";
				DEVELOPMENT_TEAM = KD67T552T3;
				ENABLE_PREVIEWS = YES;
				GENERATE_INFOPLIST_FILE = YES;
				INFOPLIST_FILE = TestTCA/Info.plist;
				INFOPLIST_KEY_UIApplicationSceneManifest_Generation = YES;
				INFOPLIST_KEY_UIApplicationSupportsIndirectInputEvents = YES;
				INFOPLIST_KEY_UILaunchScreen_Generation = YES;
				INFOPLIST_KEY_UISupportedInterfaceOrientations_iPad = "UIInterfaceOrientationPortrait UIInterfaceOrientationPortraitUpsideDown UIInterfaceOrientationLandscapeLeft UIInterfaceOrientationLandscapeRight";
				INFOPLIST_KEY_UISupportedInterfaceOrientations_iPhone = "UIInterfaceOrientationPortrait UIInterfaceOrientationLandscapeLeft UIInterfaceOrientationLandscapeRight";
				LD_RUNPATH_SEARCH_PATHS = (
					"$(inherited)",
					"@executable_path/Frameworks",
				);
				MARKETING_VERSION = 1.0;
				PRODUCT_BUNDLE_IDENTIFIER = com.my.TestTCA;
				PRODUCT_NAME = "$(TARGET_NAME)";
				SWIFT_EMIT_LOC_STRINGS = YES;
				SWIFT_VERSION = 5.0;
				TARGETED_DEVICE_FAMILY = "1,2";
			};
			name = Debug;
		};
		C1324E4C2B4E833200A07EC9 /* Release */ = {
			isa = XCBuildConfiguration;
			buildSettings = {
				ASSETCATALOG_COMPILER_APPICON_NAME = AppIcon;
				ASSETCATALOG_COMPILER_GLOBAL_ACCENT_COLOR_NAME = AccentColor;
				CODE_SIGN_STYLE = Automatic;
				CURRENT_PROJECT_VERSION = 1;
				DEVELOPMENT_ASSET_PATHS = "\"TestTCA/Preview Content\"";
				DEVELOPMENT_TEAM = KD67T552T3;
				ENABLE_PREVIEWS = YES;
				GENERATE_INFOPLIST_FILE = YES;
				INFOPLIST_FILE = TestTCA/Info.plist;
				INFOPLIST_KEY_UIApplicationSceneManifest_Generation = YES;
				INFOPLIST_KEY_UIApplicationSupportsIndirectInputEvents = YES;
				INFOPLIST_KEY_UILaunchScreen_Generation = YES;
				INFOPLIST_KEY_UISupportedInterfaceOrientations_iPad = "UIInterfaceOrientationPortrait UIInterfaceOrientationPortraitUpsideDown UIInterfaceOrientationLandscapeLeft UIInterfaceOrientationLandscapeRight";
				INFOPLIST_KEY_UISupportedInterfaceOrientations_iPhone = "UIInterfaceOrientationPortrait UIInterfaceOrientationLandscapeLeft UIInterfaceOrientationLandscapeRight";
				LD_RUNPATH_SEARCH_PATHS = (
					"$(inherited)",
					"@executable_path/Frameworks",
				);
				MARKETING_VERSION = 1.0;
				PRODUCT_BUNDLE_IDENTIFIER = com.my.TestTCA;
				PRODUCT_NAME = "$(TARGET_NAME)";
				SWIFT_EMIT_LOC_STRINGS = YES;
				SWIFT_VERSION = 5.0;
				TARGETED_DEVICE_FAMILY = "1,2";
			};
			name = Release;
		};
		C1324E5F2B4E9EC800A07EC9 /* Debug */ = {
			isa = XCBuildConfiguration;
			buildSettings = {
				BUNDLE_LOADER = "$(TEST_HOST)";
				CODE_SIGN_STYLE = Automatic;
				CURRENT_PROJECT_VERSION = 1;
				DEVELOPMENT_TEAM = KD67T552T3;
				GENERATE_INFOPLIST_FILE = YES;
				MARKETING_VERSION = 1.0;
				PRODUCT_BUNDLE_IDENTIFIER = com.my.TestTCATests;
				PRODUCT_NAME = "$(TARGET_NAME)";
				SWIFT_EMIT_LOC_STRINGS = NO;
				SWIFT_VERSION = 5.0;
				TARGETED_DEVICE_FAMILY = "1,2";
				TEST_HOST = "$(BUILT_PRODUCTS_DIR)/TestTCA.app/$(BUNDLE_EXECUTABLE_FOLDER_PATH)/TestTCA";
			};
			name = Debug;
		};
		C1324E602B4E9EC800A07EC9 /* Release */ = {
			isa = XCBuildConfiguration;
			buildSettings = {
				BUNDLE_LOADER = "$(TEST_HOST)";
				CODE_SIGN_STYLE = Automatic;
				CURRENT_PROJECT_VERSION = 1;
				DEVELOPMENT_TEAM = KD67T552T3;
				GENERATE_INFOPLIST_FILE = YES;
				MARKETING_VERSION = 1.0;
				PRODUCT_BUNDLE_IDENTIFIER = com.my.TestTCATests;
				PRODUCT_NAME = "$(TARGET_NAME)";
				SWIFT_EMIT_LOC_STRINGS = NO;
				SWIFT_VERSION = 5.0;
				TARGETED_DEVICE_FAMILY = "1,2";
				TEST_HOST = "$(BUILT_PRODUCTS_DIR)/TestTCA.app/$(BUNDLE_EXECUTABLE_FOLDER_PATH)/TestTCA";
			};
			name = Release;
		};
/* End XCBuildConfiguration section */

/* Begin XCConfigurationList section */
		C1324E372B4E833100A07EC9 /* Build configuration list for PBXProject "TestTCA" */ = {
			isa = XCConfigurationList;
			buildConfigurations = (
				C1324E482B4E833200A07EC9 /* Debug */,
				C1324E492B4E833200A07EC9 /* Release */,
			);
			defaultConfigurationIsVisible = 0;
			defaultConfigurationName = Release;
		};
		C1324E4A2B4E833200A07EC9 /* Build configuration list for PBXNativeTarget "TestTCA" */ = {
			isa = XCConfigurationList;
			buildConfigurations = (
				C1324E4B2B4E833200A07EC9 /* Debug */,
				C1324E4C2B4E833200A07EC9 /* Release */,
			);
			defaultConfigurationIsVisible = 0;
			defaultConfigurationName = Release;
		};
		C1324E612B4E9EC800A07EC9 /* Build configuration list for PBXNativeTarget "TestTCATests" */ = {
			isa = XCConfigurationList;
			buildConfigurations = (
				C1324E5F2B4E9EC800A07EC9 /* Debug */,
				C1324E602B4E9EC800A07EC9 /* Release */,
			);
			defaultConfigurationIsVisible = 0;
			defaultConfigurationName = Release;
		};
/* End XCConfigurationList section */

/* Begin XCRemoteSwiftPackageReference section */
		C1324E4D2B4E8B1100A07EC9 /* XCRemoteSwiftPackageReference "swift-composable-architecture" */ = {
			isa = XCRemoteSwiftPackageReference;
			repositoryURL = "https://github.com/pointfreeco/swift-composable-architecture";
			requirement = {
				kind = upToNextMajorVersion;
				minimumVersion = 1.6.0;
			};
		};
/* End XCRemoteSwiftPackageReference section */

/* Begin XCSwiftPackageProductDependency section */
		C1324E4E2B4E8B1100A07EC9 /* ComposableArchitecture */ = {
			isa = XCSwiftPackageProductDependency;
			package = C1324E4D2B4E8B1100A07EC9 /* XCRemoteSwiftPackageReference "swift-composable-architecture" */;
			productName = ComposableArchitecture;
		};
/* End XCSwiftPackageProductDependency section */
	};
	rootObject = C1324E342B4E833100A07EC9 /* Project object */;
}
